
Microsoft Visual Studio Solution File, Format Version 12.00
# Visual Studio 14
VisualStudioVersion = 14.0.25420.1
MinimumVisualStudioVersion = 10.0.40219.1
Project("{FAE04EC0-301F-11D3-BF4B-00C04F79EFBC}") = "Stronk", "src\Stronk\Stronk.csproj", "{BCDBFFFA-ADC2-45FC-8E73-FD0CD7B0BD47}"
EndProject
Project("{FAE04EC0-301F-11D3-BF4B-00C04F79EFBC}") = "Stronk.Tests", "src\Stronk.Tests\Stronk.Tests.csproj", "{1CE2442E-650D-4786-B646-5C19C3093154}"
EndProject
Project("{FAE04EC0-301F-11D3-BF4B-00C04F79EFBC}") = "Stronk.Benchmarks", "src\Stronk.Benchmarks\Stronk.Benchmarks.csproj", "{ABC14286-8B8F-4C8A-8096-B3C06AFAF11E}"
EndProject
Project("{FAE04EC0-301F-11D3-BF4B-00C04F79EFBC}") = "Stronk.Source.Consul", "src\Stronk.Source.Consul\Stronk.Source.Consul.csproj", "{6AF9B0C5-BD82-405D-A44F-2C5575746DEC}"
EndProject
Project("{FAE04EC0-301F-11D3-BF4B-00C04F79EFBC}") = "Stronk.Source.Consul.Tests", "src\Stronk.Source.Consul.Tests\Stronk.Source.Consul.Tests.csproj", "{E9528E77-F7D0-4595-B3DC-050BF30C6B67}"
EndProject
Project("{2150E333-8FDC-42A3-9474-1A3956D46DE8}") = "Samples", "Samples", "{B7F6743C-6474-4C41-8A09-CEBADC4FD8A3}"
EndProject
Project("{FAE04EC0-301F-11D3-BF4B-00C04F79EFBC}") = "ValidateWithFluentValidation", "src\Samples\ValidateWithFluentValidation\ValidateWithFluentValidation.csproj", "{59D5729B-69BD-4AE6-9D6F-3A2BEA15D5DD}"
EndProject
Project("{FAE04EC0-301F-11D3-BF4B-00C04F79EFBC}") = "ReadFromConsul", "src\Samples\ReadFromConsul\ReadFromConsul.csproj", "{776BA879-CBF6-495D-9517-6B701E2F28B7}"
EndProject
Global
	GlobalSection(SolutionConfigurationPlatforms) = preSolution
		Debug|Any CPU = Debug|Any CPU
		Release|Any CPU = Release|Any CPU
	EndGlobalSection
	GlobalSection(ProjectConfigurationPlatforms) = postSolution
		{BCDBFFFA-ADC2-45FC-8E73-FD0CD7B0BD47}.Debug|Any CPU.ActiveCfg = Debug|Any CPU
		{BCDBFFFA-ADC2-45FC-8E73-FD0CD7B0BD47}.Debug|Any CPU.Build.0 = Debug|Any CPU
		{BCDBFFFA-ADC2-45FC-8E73-FD0CD7B0BD47}.Release|Any CPU.ActiveCfg = Release|Any CPU
		{BCDBFFFA-ADC2-45FC-8E73-FD0CD7B0BD47}.Release|Any CPU.Build.0 = Release|Any CPU
		{1CE2442E-650D-4786-B646-5C19C3093154}.Debug|Any CPU.ActiveCfg = Debug|Any CPU
		{1CE2442E-650D-4786-B646-5C19C3093154}.Debug|Any CPU.Build.0 = Debug|Any CPU
		{1CE2442E-650D-4786-B646-5C19C3093154}.Release|Any CPU.ActiveCfg = Release|Any CPU
		{1CE2442E-650D-4786-B646-5C19C3093154}.Release|Any CPU.Build.0 = Release|Any CPU
		{ABC14286-8B8F-4C8A-8096-B3C06AFAF11E}.Debug|Any CPU.ActiveCfg = Debug|Any CPU
		{ABC14286-8B8F-4C8A-8096-B3C06AFAF11E}.Debug|Any CPU.Build.0 = Debug|Any CPU
		{ABC14286-8B8F-4C8A-8096-B3C06AFAF11E}.Release|Any CPU.ActiveCfg = Release|Any CPU
		{ABC14286-8B8F-4C8A-8096-B3C06AFAF11E}.Release|Any CPU.Build.0 = Release|Any CPU
		{6AF9B0C5-BD82-405D-A44F-2C5575746DEC}.Debug|Any CPU.ActiveCfg = Debug|Any CPU
		{6AF9B0C5-BD82-405D-A44F-2C5575746DEC}.Debug|Any CPU.Build.0 = Debug|Any CPU
		{6AF9B0C5-BD82-405D-A44F-2C5575746DEC}.Release|Any CPU.ActiveCfg = Release|Any CPU
		{6AF9B0C5-BD82-405D-A44F-2C5575746DEC}.Release|Any CPU.Build.0 = Release|Any CPU
		{E9528E77-F7D0-4595-B3DC-050BF30C6B67}.Debug|Any CPU.ActiveCfg = Debug|Any CPU
		{E9528E77-F7D0-4595-B3DC-050BF30C6B67}.Debug|Any CPU.Build.0 = Debug|Any CPU
		{E9528E77-F7D0-4595-B3DC-050BF30C6B67}.Release|Any CPU.ActiveCfg = Release|Any CPU
		{E9528E77-F7D0-4595-B3DC-050BF30C6B67}.Release|Any CPU.Build.0 = Release|Any CPU
		{59D5729B-69BD-4AE6-9D6F-3A2BEA15D5DD}.Debug|Any CPU.ActiveCfg = Debug|Any CPU
		{59D5729B-69BD-4AE6-9D6F-3A2BEA15D5DD}.Debug|Any CPU.Build.0 = Debug|Any CPU
		{59D5729B-69BD-4AE6-9D6F-3A2BEA15D5DD}.Release|Any CPU.ActiveCfg = Release|Any CPU
		{59D5729B-69BD-4AE6-9D6F-3A2BEA15D5DD}.Release|Any CPU.Build.0 = Release|Any CPU
		{776BA879-CBF6-495D-9517-6B701E2F28B7}.Debug|Any CPU.ActiveCfg = Debug|Any CPU
		{776BA879-CBF6-495D-9517-6B701E2F28B7}.Debug|Any CPU.Build.0 = Debug|Any CPU
		{776BA879-CBF6-495D-9517-6B701E2F28B7}.Release|Any CPU.ActiveCfg = Release|Any CPU
		{776BA879-CBF6-495D-9517-6B701E2F28B7}.Release|Any CPU.Build.0 = Release|Any CPU
	EndGlobalSection
	GlobalSection(SolutionProperties) = preSolution
		HideSolutionNode = FALSE
	EndGlobalSection
	GlobalSection(NestedProjects) = preSolution
		{59D5729B-69BD-4AE6-9D6F-3A2BEA15D5DD} = {B7F6743C-6474-4C41-8A09-CEBADC4FD8A3}
		{776BA879-CBF6-495D-9517-6B701E2F28B7} = {B7F6743C-6474-4C41-8A09-CEBADC4FD8A3}
	EndGlobalSection
EndGlobal
